
Microsoft Visual Studio Solution File, Format Version 12.00
# Visual Studio Version 16
VisualStudioVersion = 16.0.30413.136
MinimumVisualStudioVersion = 10.0.40219.1
Project("{2150E333-8FDC-42A3-9474-1A3956D46DE8}") = "src", "src", "{D5F0C142-F655-4B9E-AB64-DC9B8DF0A752}"
EndProject
Project("{2150E333-8FDC-42A3-9474-1A3956D46DE8}") = "Catalog", "Catalog", "{AFCF9BE3-FB0C-4CEE-A8E1-59DE3470E664}"
EndProject
Project("{9A19103F-16F7-4668-BE54-9A1E7A4F7556}") = "Catalog.API", "src\Catalog\Catalog.API\Catalog.API.csproj", "{16249EEE-E747-4DDE-A773-1ED947895F5D}"
EndProject
Project("{E53339B2-1760-4266-BCC7-CA923CBCF16C}") = "docker-compose", "docker-compose.dcproj", "{AAC5F30F-F5CF-4833-93CA-662D332AC928}"
EndProject
Project("{9A19103F-16F7-4668-BE54-9A1E7A4F7556}") = "Basket.API", "src\Basket\Basket.API\Basket.API.csproj", "{A1A995A3-E0EC-4101-8E5A-70ABEBBE02A1}"
EndProject
Project("{2150E333-8FDC-42A3-9474-1A3956D46DE8}") = "Basket", "Basket", "{74660CDC-F3CB-47F5-A0FA-6FD351ACC27A}"
EndProject
Project("{2150E333-8FDC-42A3-9474-1A3956D46DE8}") = "common", "common", "{A9777875-6217-407A-AB3C-1296C8B0C396}"
EndProject
Project("{9A19103F-16F7-4668-BE54-9A1E7A4F7556}") = "EventBusRabbitMQ", "src\common\EventBusRabbitMQ\EventBusRabbitMQ.csproj", "{39A0EF80-9BAB-437A-9A90-6EE871172F31}"
EndProject
Project("{2150E333-8FDC-42A3-9474-1A3956D46DE8}") = "Ordering", "Ordering", "{EC08B21D-AD7C-4A02-A2E1-A8524170B978}"
EndProject
Project("{9A19103F-16F7-4668-BE54-9A1E7A4F7556}") = "Ordering.API", "src\Ordering\Ordering.API\Ordering.API.csproj", "{9DC6DE9A-86A3-4B9B-A4A4-67F20F178CAC}"
EndProject
Project("{9A19103F-16F7-4668-BE54-9A1E7A4F7556}") = "Ordering.Core", "src\Ordering\Ordering.Core\Ordering.Core.csproj", "{B4AE4395-16FD-40A4-B832-148B0BFC714A}"
EndProject
Project("{9A19103F-16F7-4668-BE54-9A1E7A4F7556}") = "Odering.Infrastructure", "src\Ordering\Odering.Infrastructure\Odering.Infrastructure.csproj", "{92AF8431-3DC2-4E3B-98F2-B5C6BC133922}"
EndProject
Project("{9A19103F-16F7-4668-BE54-9A1E7A4F7556}") = "Ordering.Application", "src\Ordering\Ordering.Application\Ordering.Application.csproj", "{D3537411-2722-43F3-AC4E-E93661DA5BA3}"
EndProject
Project("{2150E333-8FDC-42A3-9474-1A3956D46DE8}") = "ApiGatway", "ApiGatway", "{3AFCCFFF-A0C1-407B-BAE2-8D484F4F6851}"
EndProject
Project("{9A19103F-16F7-4668-BE54-9A1E7A4F7556}") = "OcelotAPIGatway", "src\ApiGatway\OcelotAPIGatway\OcelotAPIGatway.csproj", "{84CF41B5-4688-4D6B-8E3B-454224629C70}"
EndProject
Project("{2150E333-8FDC-42A3-9474-1A3956D46DE8}") = "WebApp", "WebApp", "{5EF275D9-3C39-41CF-8A28-3D1C427496AD}"
EndProject
Project("{9A19103F-16F7-4668-BE54-9A1E7A4F7556}") = "Store", "src\WebApp\Store\Store.csproj", "{20982FA1-9DFA-4A7A-8415-335758C77659}"
EndProject
Global
	GlobalSection(SolutionConfigurationPlatforms) = preSolution
		Debug|Any CPU = Debug|Any CPU
		Release|Any CPU = Release|Any CPU
	EndGlobalSection
	GlobalSection(ProjectConfigurationPlatforms) = postSolution
		{16249EEE-E747-4DDE-A773-1ED947895F5D}.Debug|Any CPU.ActiveCfg = Debug|Any CPU
		{16249EEE-E747-4DDE-A773-1ED947895F5D}.Debug|Any CPU.Build.0 = Debug|Any CPU
		{16249EEE-E747-4DDE-A773-1ED947895F5D}.Release|Any CPU.ActiveCfg = Release|Any CPU
		{16249EEE-E747-4DDE-A773-1ED947895F5D}.Release|Any CPU.Build.0 = Release|Any CPU
		{AAC5F30F-F5CF-4833-93CA-662D332AC928}.Debug|Any CPU.ActiveCfg = Debug|Any CPU
		{AAC5F30F-F5CF-4833-93CA-662D332AC928}.Debug|Any CPU.Build.0 = Debug|Any CPU
		{AAC5F30F-F5CF-4833-93CA-662D332AC928}.Release|Any CPU.ActiveCfg = Release|Any CPU
		{AAC5F30F-F5CF-4833-93CA-662D332AC928}.Release|Any CPU.Build.0 = Release|Any CPU
		{A1A995A3-E0EC-4101-8E5A-70ABEBBE02A1}.Debug|Any CPU.ActiveCfg = Debug|Any CPU
		{A1A995A3-E0EC-4101-8E5A-70ABEBBE02A1}.Debug|Any CPU.Build.0 = Debug|Any CPU
		{A1A995A3-E0EC-4101-8E5A-70ABEBBE02A1}.Release|Any CPU.ActiveCfg = Release|Any CPU
		{A1A995A3-E0EC-4101-8E5A-70ABEBBE02A1}.Release|Any CPU.Build.0 = Release|Any CPU
		{39A0EF80-9BAB-437A-9A90-6EE871172F31}.Debug|Any CPU.ActiveCfg = Debug|Any CPU
		{39A0EF80-9BAB-437A-9A90-6EE871172F31}.Debug|Any CPU.Build.0 = Debug|Any CPU
		{39A0EF80-9BAB-437A-9A90-6EE871172F31}.Release|Any CPU.ActiveCfg = Release|Any CPU
		{39A0EF80-9BAB-437A-9A90-6EE871172F31}.Release|Any CPU.Build.0 = Release|Any CPU
		{9DC6DE9A-86A3-4B9B-A4A4-67F20F178CAC}.Debug|Any CPU.ActiveCfg = Debug|Any CPU
		{9DC6DE9A-86A3-4B9B-A4A4-67F20F178CAC}.Debug|Any CPU.Build.0 = Debug|Any CPU
		{9DC6DE9A-86A3-4B9B-A4A4-67F20F178CAC}.Release|Any CPU.ActiveCfg = Release|Any CPU
		{9DC6DE9A-86A3-4B9B-A4A4-67F20F178CAC}.Release|Any CPU.Build.0 = Release|Any CPU
		{B4AE4395-16FD-40A4-B832-148B0BFC714A}.Debug|Any CPU.ActiveCfg = Debug|Any CPU
		{B4AE4395-16FD-40A4-B832-148B0BFC714A}.Debug|Any CPU.Build.0 = Debug|Any CPU
		{B4AE4395-16FD-40A4-B832-148B0BFC714A}.Release|Any CPU.ActiveCfg = Release|Any CPU
		{B4AE4395-16FD-40A4-B832-148B0BFC714A}.Release|Any CPU.Build.0 = Release|Any CPU
		{92AF8431-3DC2-4E3B-98F2-B5C6BC133922}.Debug|Any CPU.ActiveCfg = Debug|Any CPU
		{92AF8431-3DC2-4E3B-98F2-B5C6BC133922}.Debug|Any CPU.Build.0 = Debug|Any CPU
		{92AF8431-3DC2-4E3B-98F2-B5C6BC133922}.Release|Any CPU.ActiveCfg = Release|Any CPU
		{92AF8431-3DC2-4E3B-98F2-B5C6BC133922}.Release|Any CPU.Build.0 = Release|Any CPU
		{D3537411-2722-43F3-AC4E-E93661DA5BA3}.Debug|Any CPU.ActiveCfg = Debug|Any CPU
		{D3537411-2722-43F3-AC4E-E93661DA5BA3}.Debug|Any CPU.Build.0 = Debug|Any CPU
		{D3537411-2722-43F3-AC4E-E93661DA5BA3}.Release|Any CPU.ActiveCfg = Release|Any CPU
		{D3537411-2722-43F3-AC4E-E93661DA5BA3}.Release|Any CPU.Build.0 = Release|Any CPU
		{84CF41B5-4688-4D6B-8E3B-454224629C70}.Debug|Any CPU.ActiveCfg = Debug|Any CPU
		{84CF41B5-4688-4D6B-8E3B-454224629C70}.Debug|Any CPU.Build.0 = Debug|Any CPU
		{84CF41B5-4688-4D6B-8E3B-454224629C70}.Release|Any CPU.ActiveCfg = Release|Any CPU
		{84CF41B5-4688-4D6B-8E3B-454224629C70}.Release|Any CPU.Build.0 = Release|Any CPU
		{20982FA1-9DFA-4A7A-8415-335758C77659}.Debug|Any CPU.ActiveCfg = Debug|Any CPU
		{20982FA1-9DFA-4A7A-8415-335758C77659}.Debug|Any CPU.Build.0 = Debug|Any CPU
		{20982FA1-9DFA-4A7A-8415-335758C77659}.Release|Any CPU.ActiveCfg = Release|Any CPU
		{20982FA1-9DFA-4A7A-8415-335758C77659}.Release|Any CPU.Build.0 = Release|Any CPU
	EndGlobalSection
	GlobalSection(SolutionProperties) = preSolution
		HideSolutionNode = FALSE
	EndGlobalSection
	GlobalSection(NestedProjects) = preSolution
		{AFCF9BE3-FB0C-4CEE-A8E1-59DE3470E664} = {D5F0C142-F655-4B9E-AB64-DC9B8DF0A752}
		{16249EEE-E747-4DDE-A773-1ED947895F5D} = {AFCF9BE3-FB0C-4CEE-A8E1-59DE3470E664}
		{A1A995A3-E0EC-4101-8E5A-70ABEBBE02A1} = {74660CDC-F3CB-47F5-A0FA-6FD351ACC27A}
		{74660CDC-F3CB-47F5-A0FA-6FD351ACC27A} = {D5F0C142-F655-4B9E-AB64-DC9B8DF0A752}
		{A9777875-6217-407A-AB3C-1296C8B0C396} = {D5F0C142-F655-4B9E-AB64-DC9B8DF0A752}
		{39A0EF80-9BAB-437A-9A90-6EE871172F31} = {A9777875-6217-407A-AB3C-1296C8B0C396}
		{EC08B21D-AD7C-4A02-A2E1-A8524170B978} = {D5F0C142-F655-4B9E-AB64-DC9B8DF0A752}
		{9DC6DE9A-86A3-4B9B-A4A4-67F20F178CAC} = {EC08B21D-AD7C-4A02-A2E1-A8524170B978}
		{B4AE4395-16FD-40A4-B832-148B0BFC714A} = {EC08B21D-AD7C-4A02-A2E1-A8524170B978}
		{92AF8431-3DC2-4E3B-98F2-B5C6BC133922} = {EC08B21D-AD7C-4A02-A2E1-A8524170B978}
		{D3537411-2722-43F3-AC4E-E93661DA5BA3} = {EC08B21D-AD7C-4A02-A2E1-A8524170B978}
		{3AFCCFFF-A0C1-407B-BAE2-8D484F4F6851} = {D5F0C142-F655-4B9E-AB64-DC9B8DF0A752}
		{84CF41B5-4688-4D6B-8E3B-454224629C70} = {3AFCCFFF-A0C1-407B-BAE2-8D484F4F6851}
		{5EF275D9-3C39-41CF-8A28-3D1C427496AD} = {D5F0C142-F655-4B9E-AB64-DC9B8DF0A752}
		{20982FA1-9DFA-4A7A-8415-335758C77659} = {5EF275D9-3C39-41CF-8A28-3D1C427496AD}
	EndGlobalSection
	GlobalSection(ExtensibilityGlobals) = postSolution
		SolutionGuid = {7D7DFBBB-669B-48A3-B4A6-EA14D18C9F5E}
	EndGlobalSection
EndGlobal
